
Microsoft Visual Studio Solution File, Format Version 12.00
# Visual Studio Version 16
VisualStudioVersion = 16.0.30523.141
MinimumVisualStudioVersion = 10.0.40219.1
Project("{FAE04EC0-301F-11D3-BF4B-00C04F79EFBC}") = "TicTacToe", "TicTacToe\TicTacToe.csproj", "{4B76F474-6C29-49D3-9BA4-6BDB900EF31C}"
EndProject
Global
	GlobalSection(SolutionConfigurationPlatforms) = preSolution
		Debug|Any CPU = Debug|Any CPU
		Release|Any CPU = Release|Any CPU
	EndGlobalSection
	GlobalSection(ProjectConfigurationPlatforms) = postSolution
		{4B76F474-6C29-49D3-9BA4-6BDB900EF31C}.Debug|Any CPU.ActiveCfg = Debug|Any CPU
		{4B76F474-6C29-49D3-9BA4-6BDB900EF31C}.Debug|Any CPU.Build.0 = Debug|Any CPU
		{4B76F474-6C29-49D3-9BA4-6BDB900EF31C}.Release|Any CPU.ActiveCfg = Release|Any CPU
		{4B76F474-6C29-49D3-9BA4-6BDB900EF31C}.Release|Any CPU.Build.0 = Release|Any CPU
	EndGlobalSection
	GlobalSection(SolutionProperties) = preSolution
		HideSolutionNode = FALSE
	EndGlobalSection
	GlobalSection(ExtensibilityGlobals) = postSolution
		SolutionGuid = {B8F4AC97-0511-476C-B1A0-DF469FD3AB3F}
	EndGlobalSection
EndGlobal
